
Microsoft Visual Studio Solution File, Format Version 12.00
# Visual Studio 15
VisualStudioVersion = 15.0.26430.4
MinimumVisualStudioVersion = 10.0.40219.1
Project("{2150E333-8FDC-42A3-9474-1A3956D46DE8}") = "src", "src", "{2F110655-D926-4D43-B714-0AC046C911EB}"
EndProject
Project("{2150E333-8FDC-42A3-9474-1A3956D46DE8}") = "Solution Items", "Solution Items", "{D4A3FD3E-4408-4186-B102-66DD9993C015}"
EndProject
Project("{9A19103F-16F7-4668-BE54-9A1E7A4F7556}") = "Demo.AspNetCore.Security", "src\Demo.AspNetCore.Security\Demo.AspNetCore.Security.csproj", "{E0060012-08FE-4961-A693-178ED81663A5}"
EndProject
Global
	GlobalSection(SolutionConfigurationPlatforms) = preSolution
		Debug|Any CPU = Debug|Any CPU
		Release|Any CPU = Release|Any CPU
	EndGlobalSection
	GlobalSection(ProjectConfigurationPlatforms) = postSolution
		{E0060012-08FE-4961-A693-178ED81663A5}.Debug|Any CPU.ActiveCfg = Debug|Any CPU
		{E0060012-08FE-4961-A693-178ED81663A5}.Debug|Any CPU.Build.0 = Debug|Any CPU
		{E0060012-08FE-4961-A693-178ED81663A5}.Release|Any CPU.ActiveCfg = Release|Any CPU
		{E0060012-08FE-4961-A693-178ED81663A5}.Release|Any CPU.Build.0 = Release|Any CPU
	EndGlobalSection
	GlobalSection(SolutionProperties) = preSolution
		HideSolutionNode = FALSE
	EndGlobalSection
	GlobalSection(NestedProjects) = preSolution
		{E0060012-08FE-4961-A693-178ED81663A5} = {2F110655-D926-4D43-B714-0AC046C911EB}
	EndGlobalSection
EndGlobal
